github.com/akavel/rsrc v0.8.0 h1:zjWn7ukO9Kc5Q62DOJCcxGpXC18RawVtYAGdz2aLlfw=
github.com/akavel/rsrc v0.8.0/go.mod h1:uLoCtb9J+EyAqh+26kdrTgmzRBFPGOolLWKpdxkKq+c=
github.com/go-ole/go-ole v1.2.4 h1:nNBDSCOigTSiarFpYE9J/KtEA1IOW4CNeqT9TQDqCxI=
github.com/go-ole/go-ole v1.2.4/go.mod h1:XCwSNxSkXRo4vlyPy93sltvi/qJq0jqQhjqQNIwKuxM=
github.com/ilya1st/rotatewriter v0.0.0-20171126183947-3df0c1a3ed6d h1:OGuVAVny/97zsQ5BWg0mOjzTBBD9zR+Lug1co144+rU=
github.com/ilya1st/rotatewriter v0.0.0-20171126183947-3df0c1a3ed6d/go.mod h1:S1q6q+21PRGd0WRX+fHjQ+TOe3CgpSv7zgCWnZcbxCs=
github.com/josephspurrier/goversioninfo v0.0.0-20190209210621-63e6d1acd3dd h1:KikNiFwUO3QLyeKyN4k9yBH9Pcu/gU/yficWi61cJIw=
github.com/josephspurrier/goversioninfo v0.0.0-20190209210621-63e6d1acd3dd/go.mod h1:eJTEwMjXb7kZ633hO3Ln9mBUCOjX2+FlTljvpl9SYdE=
github.com/mitchellh/mapstructure v1.1.2 h1:fmNYVwqnSfB9mZU6OS2O6GsXM+wcskZDuKQzvN1EDeE=
github.com/mitchellh/mapstructure v1.1.2/go.mod h1:FVVH3fgwuzCH5S8UJGiWEs2h04kUh9fWfEaFds41c1Y=
github.com/pkg/errors v0.8.1 h1:iURUrRGxPUNPdy5/HRSm+Yj6okJ6UtLINN0Q9M4+h3I=
github.com/pkg/errors v0.8.1/go.mod h1:bwawxfHBFNV+L2hUp1rHADufV3IMtnDRdf1r5NINEl0=
github.com/rs/zerolog v1.13.0 h1:hSNcYHyxDWycfePW7pUI8swuFkcSMPKh3E63Pokg1Hk=
github.com/rs/zerolog v1.13.0/go.mod h1:YbFCdg8HfsridGWAh22vktObvhZbQsZXe4/zB0OKkWU=
golang.org/x/sys v0.0.0-20190416152802-12500544f89f h1:1ZH9RnjNgLzh6YrsRp/c6ddZ8Lq0fq9xztNOoWJ2sz4=
golang.org/x/sys v0.0.0-20190416152802-12500544f89f/go.mod h1:h1NjWce9XRLGQEsW7wpKNCjG9DtNlClVuFLEZdDNbEs=
gopkg.in/check.v1 v0.0.0-20161208181325-20d25e280405 h1:yhCVgyC4o1eVCa2tZl7eS0r+SDo693bJlVdllGtEeKM=
gopkg.in/check.v1 v0.0.0-20161208181325-20d25e280405/go.mod h1:Co6ibVJAznAaIkqp8huTwlJQCZ016jof/cbN4VW5Yz0=
gopkg.in/yaml.v2 v2.2.2 h1:ZCJp+EgiOT7lHqUV2J862kp8Qj64Jo6az82+3Td9dZw=
gopkg.in/yaml.v2 v2.2.2/go.mod h1:hI93XBmqTisBFMUTm0b8Fm+jr3Dg1NNxqwp+5A1VGuI=
gopkg.in/yaml.v2 v2.2.4 h1:/eiJrUcujPVeJ3xlSWaiNi3uSVmDGBK1pDHUHAnao1I=
gopkg.in/yaml.v2 v2.2.4/go.mod h1:hI93XBmqTisBFMUTm0b8Fm+jr3Dg1NNxqwp+5A1VGuI=
